PODS:
  - boost-for-react-native (1.63.0)
  - DoubleConversion (1.1.6)
  - Folly (2018.10.22.00):
    - boost-for-react-native
    - DoubleConversion
    - glog
  - glog (0.3.5)
  - React (0.59.10):
    - React/Core (= 0.59.10)
  - react-native-camera (1.12.0):
    - React
    - react-native-camera/RCT (= 1.12.0)
    - react-native-camera/RN (= 1.12.0)
  - react-native-camera/RCT (1.12.0):
    - React
  - react-native-camera/RN (1.12.0):
    - React
  - react-native-image-resizer (1.0.1):
    - React
  - react-native-netinfo (4.7.0):
    - React
  - react-native-sensitive-info (5.5.5):
    - React
  - react-native-spinkit (1.0.2):
    - React
  - react-native-splash-screen (3.2.0):
    - React
  - react-native-video (4.4.1):
    - React
    - react-native-video/Video (= 4.4.1)
  - react-native-video/Video (4.4.1):
    - React
  - react-native-webview (9.4.0):
    - React
  - React/Core (0.59.10):
    - yoga (= 0.59.10.React)
  - React/CxxBridge (0.59.10):
    - Folly (= 2018.10.22.00)
    - React/Core
    - React/cxxreact
    - React/jsiexecutor
  - React/cxxreact (0.59.10):
    - boost-for-react-native (= 1.63.0)
    - DoubleConversion
    - Folly (= 2018.10.22.00)
    - glog
    - React/jsinspector
  - React/DevSupport (0.59.10):
    - React/Core
    - React/RCTWebSocket
  - React/fishhook (0.59.10)
  - React/jsi (0.59.10):
    - DoubleConversion
    - Folly (= 2018.10.22.00)
    - glog
  - React/jsiexecutor (0.59.10):
    - DoubleConversion
    - Folly (= 2018.10.22.00)
    - glog
    - React/cxxreact
    - React/jsi
  - React/jsinspector (0.59.10)
  - React/RCTAnimation (0.59.10):
    - React/Core
  - React/RCTBlob (0.59.10):
    - React/Core
  - React/RCTImage (0.59.10):
    - React/Core
    - React/RCTNetwork
  - React/RCTLinkingIOS (0.59.10):
    - React/Core
  - React/RCTNetwork (0.59.10):
    - React/Core
  - React/RCTSettings (0.59.10):
    - React/Core
  - React/RCTText (0.59.10):
    - React/Core
  - React/RCTWebSocket (0.59.10):
    - React/Core
    - React/fishhook
    - React/RCTBlob
  - rn-fetch-blob (0.10.6):
    - React/Core
  - RNCAsyncStorage (1.11.0):
    - React
  - RNExitApp (1.1.0):
    - React
  - RNFS (2.13.3):
    - React
  - RNGestureHandler (1.1.3):
    - React
  - RNI18n (2.0.10):
    - React
  - RNSound (0.10.12):
    - React/Core
    - RNSound/Core (= 0.10.12)
  - RNSound/Core (0.10.12):
    - React/Core
  - RNVectorIcons (6.3.0):
    - React
  - yoga (0.59.10.React)

DEPENDENCIES:
  - DoubleConversion (from `../node_modules/react-native/third-party-podspecs/DoubleConversion.podspec`)
  - Folly (from `../node_modules/react-native/third-party-podspecs/Folly.podspec`)
  - glog (from `../node_modules/react-native/third-party-podspecs/glog.podspec`)
  - react-native-camera (from `../node_modules/react-native-camera`)
  - react-native-image-resizer (from `../node_modules/react-native-image-resizer`)
  - "react-native-netinfo (from `../node_modules/@react-native-community/netinfo`)"
  - react-native-sensitive-info (from `../node_modules/react-native-sensitive-info`)
  - react-native-spinkit (from `../node_modules/react-native-spinkit`)
  - react-native-splash-screen (from `../node_modules/react-native-splash-screen`)
  - react-native-video (from `../node_modules/react-native-video/react-native-video.podspec`)
  - react-native-webview (from `../node_modules/react-native-webview`)
  - React/Core (from `../node_modules/react-native`)
  - React/CxxBridge (from `../node_modules/react-native`)
  - React/DevSupport (from `../node_modules/react-native`)
  - React/RCTAnimation (from `../node_modules/react-native`)
  - React/RCTImage (from `../node_modules/react-native`)
  - React/RCTLinkingIOS (from `../node_modules/react-native`)
  - React/RCTNetwork (from `../node_modules/react-native`)
  - React/RCTSettings (from `../node_modules/react-native`)
  - React/RCTText (from `../node_modules/react-native`)
  - React/RCTWebSocket (from `../node_modules/react-native`)
  - rn-fetch-blob (from `../node_modules/rn-fetch-blob`)
  - "RNCAsyncStorage (from `../node_modules/@react-native-community/async-storage`)"
  - RNExitApp (from `../node_modules/react-native-exit-app`)
  - RNFS (from `../node_modules/react-native-fs`)
  - RNGestureHandler (from `../node_modules/react-native-gesture-handler`)
  - RNI18n (from `../node_modules/react-native-i18n`)
  - RNSound (from `../node_modules/react-native-sound`)
  - RNVectorIcons (from `../node_modules/react-native-vector-icons`)
  - yoga (from `../node_modules/react-native/ReactCommon/yoga`)

SPEC REPOS:
  trunk:
    - boost-for-react-native

EXTERNAL SOURCES:
  DoubleConversion:
    :podspec: "../node_modules/react-native/third-party-podspecs/DoubleConversion.podspec"
  Folly:
    :podspec: "../node_modules/react-native/third-party-podspecs/Folly.podspec"
  glog:
    :podspec: "../node_modules/react-native/third-party-podspecs/glog.podspec"
  React:
    :path: "../node_modules/react-native"
  react-native-camera:
    :path: "../node_modules/react-native-camera"
  react-native-image-resizer:
    :path: "../node_modules/react-native-image-resizer"
  react-native-netinfo:
    :path: "../node_modules/@react-native-community/netinfo"
  react-native-sensitive-info:
    :path: "../node_modules/react-native-sensitive-info"
  react-native-spinkit:
    :path: "../node_modules/react-native-spinkit"
  react-native-splash-screen:
    :path: "../node_modules/react-native-splash-screen"
  react-native-video:
    :path: "../node_modules/react-native-video/react-native-video.podspec"
  react-native-webview:
    :path: "../node_modules/react-native-webview"
  rn-fetch-blob:
    :path: "../node_modules/rn-fetch-blob"
  RNCAsyncStorage:
    :path: "../node_modules/@react-native-community/async-storage"
  RNExitApp:
    :path: "../node_modules/react-native-exit-app"
  RNFS:
    :path: "../node_modules/react-native-fs"
  RNGestureHandler:
    :path: "../node_modules/react-native-gesture-handler"
  RNI18n:
    :path: "../node_modules/react-native-i18n"
  RNSound:
    :path: "../node_modules/react-native-sound"
  RNVectorIcons:
    :path: "../node_modules/react-native-vector-icons"
  yoga:
    :path: "../node_modules/react-native/ReactCommon/yoga"

SPEC CHECKSUMS:
  boost-for-react-native: 39c7adb57c4e60d6c5479dd8623128eb5b3f0f2c
  DoubleConversion: bb338842f62ab1d708ceb63ec3d999f0f3d98ecd
  Folly: de497beb10f102453a1afa9edbf8cf8a251890de
  glog: aefd1eb5dda2ab95ba0938556f34b98e2da3a60d
  React: 36d0768f9e93be2473b37e7fa64f92c1d5341eef
  react-native-camera: 3540a93182182843c1f95e4e2f0f921387923d73
  react-native-image-resizer: ecae22b577b0425cd7803eb8145243038dd4b6bd
  react-native-netinfo: 3dd993921571d01b78a8f91f1caaffcab7a1e1c7
  react-native-sensitive-info: 4629b223484a08225c3eb088ff3f91b03097b5e5
  react-native-spinkit: 9a5d2f95aa975d5660fd3e76b7eac38e7329e46c
  react-native-splash-screen: 200d11d188e2e78cea3ad319964f6142b6384865
  react-native-video: 481d46031d2a55c2b6fa8aaa9e9ad4a9b215aca5
  react-native-webview: 0e2881d2e3e72ad52a82445c1a116c43205fd471
  rn-fetch-blob: 766f85cabd2992300dfa1be2bc9e4e258abc6f04
  RNCAsyncStorage: db711e29e5e0500d9bd21aa0c2e397efa45302b1
  RNExitApp: 7d81855142a4d11eb75f4f06fdebf5a950d7aef2
  RNFS: c9bbde46b0d59619f8e7b735991c60e0f73d22c1
  RNGestureHandler: 2dcc63e196e801c3e4371b24d8c2975c88c2803d
  RNI18n: cd4ddd958e326a2427b70f5474b3fb04aea793b2
  RNSound: e157320f503bdd4f4ee6d8542e948d54f90c3c3a
  RNVectorIcons: cb42a5653c046f12ca16c9480c571b52620559e8
  yoga: 684513b14b03201579ba3cee20218c9d1298b0cc

PODFILE CHECKSUM: 31ac01f6d45b1d8a0f6ae97bac60076508a5cc84

COCOAPODS: 1.8.4
